
Microsoft Visual Studio Solution File, Format Version 12.00
# Visual Studio Version 17
VisualStudioVersion = 17.7.34003.232
MinimumVisualStudioVersion = 10.0.40219.1
Project("{54A90642-561A-4BB1-A94E-469ADEE60C69}") = "FrontendForVendista", "FrontendForVendista\FrontendForVendista.esproj", "{02791B3B-E7AF-453D-B691-2653A82F557C}"
EndProject
Global
	GlobalSection(SolutionConfigurationPlatforms) = preSolution
		Debug|Any CPU = Debug|Any CPU
		Release|Any CPU = Release|Any CPU
	EndGlobalSection
	GlobalSection(ProjectConfigurationPlatforms) = postSolution
		{02791B3B-E7AF-453D-B691-2653A82F557C}.Debug|Any CPU.ActiveCfg = Debug|Any CPU
		{02791B3B-E7AF-453D-B691-2653A82F557C}.Debug|Any CPU.Build.0 = Debug|Any CPU
		{02791B3B-E7AF-453D-B691-2653A82F557C}.Debug|Any CPU.Deploy.0 = Debug|Any CPU
		{02791B3B-E7AF-453D-B691-2653A82F557C}.Release|Any CPU.ActiveCfg = Release|Any CPU
		{02791B3B-E7AF-453D-B691-2653A82F557C}.Release|Any CPU.Build.0 = Release|Any CPU
		{02791B3B-E7AF-453D-B691-2653A82F557C}.Release|Any CPU.Deploy.0 = Release|Any CPU
	EndGlobalSection
	GlobalSection(SolutionProperties) = preSolution
		HideSolutionNode = FALSE
	EndGlobalSection
	GlobalSection(ExtensibilityGlobals) = postSolution
		SolutionGuid = {561A446E-73CD-4468-BE7F-A057D47C89FA}
	EndGlobalSection
EndGlobal
